{
  "name": "gollm-cli",
  "lockfileVersion": 3,
  "requires": true,
  "packages": {
    "": {
      "dependencies": {
        "codex-monorepo": "github:openai/codex"
      }
    },
    "node_modules/codex-monorepo": {
      "resolved": "git+ssh://git@github.com/openai/codex.git#c172e8e997f794c7e8bff5df781fc2b87117bae6",
      "engines": {
        "node": ">=22",
        "pnpm": ">=9.0.0"
      }
    }
  }
}
